// !$*UTF8*$!
{
	archiveVersion = 1;
	classes = {
	};
	objectVersion = 46;
	objects = {

/* Begin PBXBuildFile section */
		A39BD4E41ADB26AD0093FA0C /* main.m in Sources */ = {isa = PBXBuildFile; fileRef = A39BD4E31ADB26AD0093FA0C /* main.m */; };
		A39BD4E71ADB26AD0093FA0C /* AppDelegate.m in Sources */ = {isa = PBXBuildFile; fileRef = A39BD4E61ADB26AD0093FA0C /* AppDelegate.m */; };
		A39BD4EA1ADB26AD0093FA0C /* ViewController.m in Sources */ = {isa = PBXBuildFile; fileRef = A39BD4E91ADB26AD0093FA0C /* ViewController.m */; };
		A39BD4ED1ADB26AD0093FA0C /* Main.storyboard in Resources */ = {isa = PBXBuildFile; fileRef = A39BD4EB1ADB26AD0093FA0C /* Main.storyboard */; };
		A39BD4EF1ADB26AD0093FA0C /* Images.xcassets in Resources */ = {isa = PBXBuildFile; fileRef = A39BD4EE1ADB26AD0093FA0C /* Images.xcassets */; };
		A39BD4F21ADB26AD0093FA0C /* LaunchScreen.xib in Resources */ = {isa = PBXBuildFile; fileRef = A39BD4F01ADB26AD0093FA0C /* LaunchScreen.xib */; };
		A39BD4FE1ADB26AD0093FA0C /* IRCustomUserInterfaceDemoTests.m in Sources */ = {isa = PBXBuildFile; fileRef = A39BD4FD1ADB26AD0093FA0C /* IRCustomUserInterfaceDemoTests.m */; };
		A39BD50A1ADB26F70093FA0C /* IRPopoverView.m in Sources */ = {isa = PBXBuildFile; fileRef = A39BD5091ADB26F70093FA0C /* IRPopoverView.m */; };
		A39BD50E1ADB2D280093FA0C /* IRPickerView.m in Sources */ = {isa = PBXBuildFile; fileRef = A39BD50D1ADB2D280093FA0C /* IRPickerView.m */; };
/* End PBXBuildFile section */

/* Begin PBXContainerItemProxy section */
		A39BD4F81ADB26AD0093FA0C /* PBXContainerItemProxy */ = {
			isa = PBXContainerItemProxy;
			containerPortal = A39BD4D61ADB26AD0093FA0C /* Project object */;
			proxyType = 1;
			remoteGlobalIDString = A39BD4DD1ADB26AD0093FA0C;
			remoteInfo = IRCustomUserInterfaceDemo;
		};
/* End PBXContainerItemProxy section */

/* Begin PBXFileReference section */
		A39BD4DE1ADB26AD0093FA0C /* IRCustomUserInterfaceDemo.app */ = {isa = PBXFileReference; explicitFileType = wrapper.application; includeInIndex = 0; path = IRCustomUserInterfaceDemo.app; sourceTree = BUILT_PRODUCTS_DIR; };
		A39BD4E21ADB26AD0093FA0C /* Info.plist */ = {isa = PBXFileReference; lastKnownFileType = text.plist.xml; path = Info.plist; sourceTree = "<group>"; };
		A39BD4E31ADB26AD0093FA0C /* main.m */ = {isa = PBXFileReference; lastKnownFileType = sourcecode.c.objc; path = main.m; sourceTree = "<group>"; };
		A39BD4E51ADB26AD0093FA0C /* AppDelegate.h */ = {isa = PBXFileReference; lastKnownFileType = sourcecode.c.h; path = AppDelegate.h; sourceTree = "<group>"; };
		A39BD4E61ADB26AD0093FA0C /* AppDelegate.m */ = {isa = PBXFileReference; lastKnownFileType = sourcecode.c.objc; path = AppDelegate.m; sourceTree = "<group>"; };
		A39BD4E81ADB26AD0093FA0C /* ViewController.h */ = {isa = PBXFileReference; lastKnownFileType = sourcecode.c.h; path = ViewController.h; sourceTree = "<group>"; };
		A39BD4E91ADB26AD0093FA0C /* ViewController.m */ = {isa = PBXFileReference; lastKnownFileType = sourcecode.c.objc; path = ViewController.m; sourceTree = "<group>"; };
		A39BD4EC1ADB26AD0093FA0C /* Base */ = {isa = PBXFileReference; lastKnownFileType = file.storyboard; name = Base; path = Base.lproj/Main.storyboard; sourceTree = "<group>"; };
		A39BD4EE1ADB26AD0093FA0C /* Images.xcassets */ = {isa = PBXFileReference; lastKnownFileType = folder.assetcatalog; path = Images.xcassets; sourceTree = "<group>"; };
		A39BD4F11ADB26AD0093FA0C /* Base */ = {isa = PBXFileReference; lastKnownFileType = file.xib; name = Base; path = Base.lproj/LaunchScreen.xib; sourceTree = "<group>"; };
		A39BD4F71ADB26AD0093FA0C /* IRCustomUserInterfaceDemoTests.xctest */ = {isa = PBXFileReference; explicitFileType = wrapper.cfbundle; includeInIndex = 0; path = IRCustomUserInterfaceDemoTests.xctest; sourceTree = BUILT_PRODUCTS_DIR; };
		A39BD4FC1ADB26AD0093FA0C /* Info.plist */ = {isa = PBXFileReference; lastKnownFileType = text.plist.xml; path = Info.plist; sourceTree = "<group>"; };
		A39BD4FD1ADB26AD0093FA0C /* IRCustomUserInterfaceDemoTests.m */ = {isa = PBXFileReference; lastKnownFileType = sourcecode.c.objc; path = IRCustomUserInterfaceDemoTests.m; sourceTree = "<group>"; };
		A39BD5081ADB26F70093FA0C /* IRPopoverView.h */ = {isa = PBXFileReference; fileEncoding = 4; lastKnownFileType = sourcecode.c.h; path = IRPopoverView.h; sourceTree = "<group>"; };
		A39BD5091ADB26F70093FA0C /* IRPopoverView.m */ = {isa = PBXFileReference; fileEncoding = 4; lastKnownFileType = sourcecode.c.objc; path = IRPopoverView.m; sourceTree = "<group>"; };
		A39BD50C1ADB2D280093FA0C /* IRPickerView.h */ = {isa = PBXFileReference; fileEncoding = 4; lastKnownFileType = sourcecode.c.h; path = IRPickerView.h; sourceTree = "<group>"; };
		A39BD50D1ADB2D280093FA0C /* IRPickerView.m */ = {isa = PBXFileReference; fileEncoding = 4; lastKnownFileType = sourcecode.c.objc; path = IRPickerView.m; sourceTree = "<group>"; };
/* End PBXFileReference section */

/* Begin PBXFrameworksBuildPhase section */
		A39BD4DB1ADB26AD0093FA0C /* Frameworks */ = {
			isa = PBXFrameworksBuildPhase;
			buildActionMask = 2147483647;
			files = (
			);
			runOnlyForDeploymentPostprocessing = 0;
		};
		A39BD4F41ADB26AD0093FA0C /* Frameworks */ = {
			isa = PBXFrameworksBuildPhase;
			buildActionMask = 2147483647;
			files = (
			);
			runOnlyForDeploymentPostprocessing = 0;
		};
/* End PBXFrameworksBuildPhase section */

/* Begin PBXGroup section */
		A39BD4D51ADB26AD0093FA0C = {
			isa = PBXGroup;
			children = (
				A39BD50B1ADB2D280093FA0C /* IRPickerView */,
				A39BD5071ADB26E00093FA0C /* IRPopoverView */,
				A39BD4E01ADB26AD0093FA0C /* IRCustomUserInterfaceDemo */,
				A39BD4FA1ADB26AD0093FA0C /* IRCustomUserInterfaceDemoTests */,
				A39BD4DF1ADB26AD0093FA0C /* Products */,
			);
			sourceTree = "<group>";
		};
		A39BD4DF1ADB26AD0093FA0C /* Products */ = {
			isa = PBXGroup;
			children = (
				A39BD4DE1ADB26AD0093FA0C /* IRCustomUserInterfaceDemo.app */,
				A39BD4F71ADB26AD0093FA0C /* IRCustomUserInterfaceDemoTests.xctest */,
			);
			name = Products;
			sourceTree = "<group>";
		};
		A39BD4E01ADB26AD0093FA0C /* IRCustomUserInterfaceDemo */ = {
			isa = PBXGroup;
			children = (
				A39BD4E51ADB26AD0093FA0C /* AppDelegate.h */,
				A39BD4E61ADB26AD0093FA0C /* AppDelegate.m */,
				A39BD4E81ADB26AD0093FA0C /* ViewController.h */,
				A39BD4E91ADB26AD0093FA0C /* ViewController.m */,
				A39BD4EB1ADB26AD0093FA0C /* Main.storyboard */,
				A39BD4EE1ADB26AD0093FA0C /* Images.xcassets */,
				A39BD4F01ADB26AD0093FA0C /* LaunchScreen.xib */,
				A39BD4E11ADB26AD0093FA0C /* Supporting Files */,
			);
			path = IRCustomUserInterfaceDemo;
			sourceTree = "<group>";
		};
		A39BD4E11ADB26AD0093FA0C /* Supporting Files */ = {
			isa = PBXGroup;
			children = (
				A39BD4E21ADB26AD0093FA0C /* Info.plist */,
				A39BD4E31ADB26AD0093FA0C /* main.m */,
			);
			name = "Supporting Files";
			sourceTree = "<group>";
		};
		A39BD4FA1ADB26AD0093FA0C /* IRCustomUserInterfaceDemoTests */ = {
			isa = PBXGroup;
			children = (
				A39BD4FD1ADB26AD0093FA0C /* IRCustomUserInterfaceDemoTests.m */,
				A39BD4FB1ADB26AD0093FA0C /* Supporting Files */,
			);
			path = IRCustomUserInterfaceDemoTests;
			sourceTree = "<group>";
		};
		A39BD4FB1ADB26AD0093FA0C /* Supporting Files */ = {
			isa = PBXGroup;
			children = (
				A39BD4FC1ADB26AD0093FA0C /* Info.plist */,
			);
			name = "Supporting Files";
			sourceTree = "<group>";
		};
		A39BD5071ADB26E00093FA0C /* IRPopoverView */ = {
			isa = PBXGroup;
			children = (
				A39BD5081ADB26F70093FA0C /* IRPopoverView.h */,
				A39BD5091ADB26F70093FA0C /* IRPopoverView.m */,
			);
			path = IRPopoverView;
			sourceTree = "<group>";
		};
		A39BD50B1ADB2D280093FA0C /* IRPickerView */ = {
			isa = PBXGroup;
			children = (
				A39BD50C1ADB2D280093FA0C /* IRPickerView.h */,
				A39BD50D1ADB2D280093FA0C /* IRPickerView.m */,
			);
			path = IRPickerView;
			sourceTree = "<group>";
		};
/* End PBXGroup section */

/* Begin PBXNativeTarget section */
		A39BD4DD1ADB26AD0093FA0C /* IRCustomUserInterfaceDemo */ = {
			isa = PBXNativeTarget;
			buildConfigurationList = A39BD5011ADB26AD0093FA0C /* Build configuration list for PBXNativeTarget "IRCustomUserInterfaceDemo" */;
			buildPhases = (
				A39BD4DA1ADB26AD0093FA0C /* Sources */,
				A39BD4DB1ADB26AD0093FA0C /* Frameworks */,
				A39BD4DC1ADB26AD0093FA0C /* Resources */,
			);
			buildRules = (
			);
			dependencies = (
			);
			name = IRCustomUserInterfaceDemo;
			productName = IRCustomUserInterfaceDemo;
			productReference = A39BD4DE1ADB26AD0093FA0C /* IRCustomUserInterfaceDemo.app */;
			productType = "com.apple.product-type.application";
		};
		A39BD4F61ADB26AD0093FA0C /* IRCustomUserInterfaceDemoTests */ = {
			isa = PBXNativeTarget;
			buildConfigurationList = A39BD5041ADB26AD0093FA0C /* Build configuration list for PBXNativeTarget "IRCustomUserInterfaceDemoTests" */;
			buildPhases = (
				A39BD4F31ADB26AD0093FA0C /* Sources */,
				A39BD4F41ADB26AD0093FA0C /* Frameworks */,
				A39BD4F51ADB26AD0093FA0C /* Resources */,
			);
			buildRules = (
			);
			dependencies = (
				A39BD4F91ADB26AD0093FA0C /* PBXTargetDependency */,
			);
			name = IRCustomUserInterfaceDemoTests;
			productName = IRCustomUserInterfaceDemoTests;
			productReference = A39BD4F71ADB26AD0093FA0C /* IRCustomUserInterfaceDemoTests.xctest */;
			productType = "com.apple.product-type.bundle.unit-test";
		};
/* End PBXNativeTarget section */

/* Begin PBXProject section */
		A39BD4D61ADB26AD0093FA0C /* Project object */ = {
			isa = PBXProject;
			attributes = {
				LastUpgradeCheck = 0630;
				ORGANIZATIONNAME = "iReka Soft";
				TargetAttributes = {
					A39BD4DD1ADB26AD0093FA0C = {
						CreatedOnToolsVersion = 6.3;
					};
					A39BD4F61ADB26AD0093FA0C = {
						CreatedOnToolsVersion = 6.3;
						TestTargetID = A39BD4DD1ADB26AD0093FA0C;
					};
				};
			};
			buildConfigurationList = A39BD4D91ADB26AD0093FA0C /* Build configuration list for PBXProject "IRCustomUserInterfaceDemo" */;
			compatibilityVersion = "Xcode 3.2";
			developmentRegion = English;
			hasScannedForEncodings = 0;
			knownRegions = (
				en,
				Base,
			);
			mainGroup = A39BD4D51ADB26AD0093FA0C;
			productRefGroup = A39BD4DF1ADB26AD0093FA0C /* Products */;
			projectDirPath = "";
			projectRoot = "";
			targets = (
				A39BD4DD1ADB26AD0093FA0C /* IRCustomUserInterfaceDemo */,
				A39BD4F61ADB26AD0093FA0C /* IRCustomUserInterfaceDemoTests */,
			);
		};
/* End PBXProject section */

/* Begin PBXResourcesBuildPhase section */
		A39BD4DC1ADB26AD0093FA0C /* Resources */ = {
			isa = PBXResourcesBuildPhase;
			buildActionMask = 2147483647;
			files = (
				A39BD4ED1ADB26AD0093FA0C /* Main.storyboard in Resources */,
				A39BD4F21ADB26AD0093FA0C /* LaunchScreen.xib in Resources */,
				A39BD4EF1ADB26AD0093FA0C /* Images.xcassets in Resources */,
			);
			runOnlyForDeploymentPostprocessing = 0;
		};
		A39BD4F51ADB26AD0093FA0C /* Resources */ = {
			isa = PBXResourcesBuildPhase;
			buildActionMask = 2147483647;
			files = (
			);
			runOnlyForDeploymentPostprocessing = 0;
		};
/* End PBXResourcesBuildPhase section */

/* Begin PBXSourcesBuildPhase section */
		A39BD4DA1ADB26AD0093FA0C /* Sources */ = {
			isa = PBXSourcesBuildPhase;
			buildActionMask = 2147483647;
			files = (
				A39BD4EA1ADB26AD0093FA0C /* ViewController.m in Sources */,
				A39BD4E71ADB26AD0093FA0C /* AppDelegate.m in Sources */,
				A39BD50E1ADB2D280093FA0C /* IRPickerView.m in Sources */,
				A39BD4E41ADB26AD0093FA0C /* main.m in Sources */,
				A39BD50A1ADB26F70093FA0C /* IRPopoverView.m in Sources */,
			);
			runOnlyForDeploymentPostprocessing = 0;
		};
		A39BD4F31ADB26AD0093FA0C /* Sources */ = {
			isa = PBXSourcesBuildPhase;
			buildActionMask = 2147483647;
			files = (
				A39BD4FE1ADB26AD0093FA0C /* IRCustomUserInterfaceDemoTests.m in Sources */,
			);
			runOnlyForDeploymentPostprocessing = 0;
		};
/* End PBXSourcesBuildPhase section */

/* Begin PBXTargetDependency section */
		A39BD4F91ADB26AD0093FA0C /* PBXTargetDependency */ = {
			isa = PBXTargetDependency;
			target = A39BD4DD1ADB26AD0093FA0C /* IRCustomUserInterfaceDemo */;
			targetProxy = A39BD4F81ADB26AD0093FA0C /* PBXContainerItemProxy */;
		};
/* End PBXTargetDependency section */

/* Begin PBXVariantGroup section */
		A39BD4EB1ADB26AD0093FA0C /* Main.storyboard */ = {
			isa = PBXVariantGroup;
			children = (
				A39BD4EC1ADB26AD0093FA0C /* Base */,
			);
			name = Main.storyboard;
			sourceTree = "<group>";
		};
		A39BD4F01ADB26AD0093FA0C /* LaunchScreen.xib */ = {
			isa = PBXVariantGroup;
			children = (
				A39BD4F11ADB26AD0093FA0C /* Base */,
			);
			name = LaunchScreen.xib;
			sourceTree = "<group>";
		};
/* End PBXVariantGroup section */

/* Begin XCBuildConfiguration section */
		A39BD4FF1ADB26AD0093FA0C /* Debug */ = {
			isa = XCBuildConfiguration;
			buildSettings = {
				ALWAYS_SEARCH_USER_PATHS = NO;
				CLANG_CXX_LANGUAGE_STANDARD = "gnu++0x";
				CLANG_CXX_LIBRARY = "libc++";
				CLANG_ENABLE_MODULES = YES;
				CLANG_ENABLE_OBJC_ARC = YES;
				CLANG_WARN_BOOL_CONVERSION = YES;
				CLANG_WARN_CONSTANT_CONVERSION = YES;
				CLANG_WARN_DIRECT_OBJC_ISA_USAGE = YES_ERROR;
				CLANG_WARN_EMPTY_BODY = YES;
				CLANG_WARN_ENUM_CONVERSION = YES;
				CLANG_WARN_INT_CONVERSION = YES;
				CLANG_WARN_OBJC_ROOT_CLASS = YES_ERROR;
				CLANG_WARN_UNREACHABLE_CODE = YES;
				CLANG_WARN__DUPLICATE_METHOD_MATCH = YES;
				"CODE_SIGN_IDENTITY[sdk=iphoneos*]" = "iPhone Developer";
				COPY_PHASE_STRIP = NO;
				DEBUG_INFORMATION_FORMAT = "dwarf-with-dsym";
				ENABLE_STRICT_OBJC_MSGSEND = YES;
				GCC_C_LANGUAGE_STANDARD = gnu99;
				GCC_DYNAMIC_NO_PIC = NO;
				GCC_NO_COMMON_BLOCKS = YES;
				GCC_OPTIMIZATION_LEVEL = 0;
				GCC_PREPROCESSOR_DEFINITIONS = (
					"DEBUG=1",
					"$(inherited)",
				);
				GCC_SYMBOLS_PRIVATE_EXTERN = NO;
				GCC_WARN_64_TO_32_BIT_CONVERSION = YES;
				GCC_WARN_ABOUT_RETURN_TYPE = YES_ERROR;
				GCC_WARN_UNDECLARED_SELECTOR = YES;
				GCC_WARN_UNINITIALIZED_AUTOS = YES_AGGRESSIVE;
				GCC_WARN_UNUSED_FUNCTION = YES;
				GCC_WARN_UNUSED_VARIABLE = YES;
				IPHONEOS_DEPLOYMENT_TARGET = 8.3;
				MTL_ENABLE_DEBUG_INFO = YES;
				ONLY_ACTIVE_ARCH = YES;
				SDKROOT = iphoneos;
				TARGETED_DEVICE_FAMILY = "1,2";
			};
			name = Debug;
		};
		A39BD5001ADB26AD0093FA0C /* Release */ = {
			isa = XCBuildConfiguration;
			buildSettings = {
				ALWAYS_SEARCH_USER_PATHS = NO;
				CLANG_CXX_LANGUAGE_STANDARD = "gnu++0x";
				CLANG_CXX_LIBRARY = "libc++";
				CLANG_ENABLE_MODULES = YES;
				CLANG_ENABLE_OBJC_ARC = YES;
				CLANG_WARN_BOOL_CONVERSION = YES;
				CLANG_WARN_CONSTANT_CONVERSION = YES;
				CLANG_WARN_DIRECT_OBJC_ISA_USAGE = YES_ERROR;
				CLANG_WARN_EMPTY_BODY = YES;
				CLANG_WARN_ENUM_CONVERSION = YES;
				CLANG_WARN_INT_CONVERSION = YES;
				CLANG_WARN_OBJC_ROOT_CLASS = YES_ERROR;
				CLANG_WARN_UNREACHABLE_CODE = YES;
				CLANG_WARN__DUPLICATE_METHOD_MATCH = YES;
				"CODE_SIGN_IDENTITY[sdk=iphoneos*]" = "iPhone Developer";
				COPY_PHASE_STRIP = NO;
				DEBUG_INFORMATION_FORMAT = "dwarf-with-dsym";
				ENABLE_NS_ASSERTIONS = NO;
				ENABLE_STRICT_OBJC_MSGSEND = YES;
				GCC_C_LANGUAGE_STANDARD = gnu99;
				GCC_NO_COMMON_BLOCKS = YES;
				GCC_WARN_64_TO_32_BIT_CONVERSION = YES;
				GCC_WARN_ABOUT_RETURN_TYPE = YES_ERROR;
				GCC_WARN_UNDECLARED_SELECTOR = YES;
				GCC_WARN_UNINITIALIZED_AUTOS = YES_AGGRESSIVE;
				GCC_WARN_UNUSED_FUNCTION = YES;
				GCC_WARN_UNUSED_VARIABLE = YES;
				IPHONEOS_DEPLOYMENT_TARGET = 8.3;
				MTL_ENABLE_DEBUG_INFO = NO;
				SDKROOT = iphoneos;
				TARGETED_DEVICE_FAMILY = "1,2";
				VALIDATE_PRODUCT = YES;
			};
			name = Release;
		};
		A39BD5021ADB26AD0093FA0C /* Debug */ = {
			isa = XCBuildConfiguration;
			buildSettings = {
				ASSETCATALOG_COMPILER_APPICON_NAME = AppIcon;
				INFOPLIST_FILE = IRCustomUserInterfaceDemo/Info.plist;
				IPHONEOS_DEPLOYMENT_TARGET = 8.0;
				LD_RUNPATH_SEARCH_PATHS = "$(inherited) @executable_path/Frameworks";
				PRODUCT_NAME = "$(TARGET_NAME)";
			};
			name = Debug;
		};
		A39BD5031ADB26AD0093FA0C /* Release */ = {
			isa = XCBuildConfiguration;
			buildSettings = {
				ASSETCATALOG_COMPILER_APPICON_NAME = AppIcon;
				INFOPLIST_FILE = IRCustomUserInterfaceDemo/Info.plist;
				IPHONEOS_DEPLOYMENT_TARGET = 8.0;
				LD_RUNPATH_SEARCH_PATHS = "$(inherited) @executable_path/Frameworks";
				PRODUCT_NAME = "$(TARGET_NAME)";
			};
			name = Release;
		};
		A39BD5051ADB26AD0093FA0C /* Debug */ = {
			isa = XCBuildConfiguration;
			buildSettings = {
				BUNDLE_LOADER = "$(TEST_HOST)";
				FRAMEWORK_SEARCH_PATHS = (
					"$(SDKROOT)/Developer/Library/Frameworks",
					"$(inherited)",
				);
				GCC_PREPROCESSOR_DEFINITIONS = (
					"DEBUG=1",
					"$(inherited)",
				);
				INFOPLIST_FILE = IRCustomUserInterfaceDemoTests/Info.plist;
				LD_RUNPATH_SEARCH_PATHS = "$(inherited) @executable_path/Frameworks @loader_path/Frameworks";
				PRODUCT_NAME = "$(TARGET_NAME)";
				TEST_HOST = "$(BUILT_PRODUCTS_DIR)/IRCustomUserInterfaceDemo.app/IRCustomUserInterfaceDemo";
			};
			name = Debug;
		};
		A39BD5061ADB26AD0093FA0C /* Release */ = {
			isa = XCBuildConfiguration;
			buildSettings = {
				BUNDLE_LOADER = "$(TEST_HOST)";
				FRAMEWORK_SEARCH_PATHS = (
					"$(SDKROOT)/Developer/Library/Frameworks",
					"$(inherited)",
				);
				INFOPLIST_FILE = IRCustomUserInterfaceDemoTests/Info.plist;
				LD_RUNPATH_SEARCH_PATHS = "$(inherited) @executable_path/Frameworks @loader_path/Frameworks";
				PRODUCT_NAME = "$(TARGET_NAME)";
				TEST_HOST = "$(BUILT_PRODUCTS_DIR)/IRCustomUserInterfaceDemo.app/IRCustomUserInterfaceDemo";
			};
			name = Release;
		};
/* End XCBuildConfiguration section */

/* Begin XCConfigurationList section */
		A39BD4D91ADB26AD0093FA0C /* Build configuration list for PBXProject "IRCustomUserInterfaceDemo" */ = {
			isa = XCConfigurationList;
			buildConfigurations = (
				A39BD4FF1ADB26AD0093FA0C /* Debug */,
				A39BD5001ADB26AD0093FA0C /* Release */,
			);
			defaultConfigurationIsVisible = 0;
			defaultConfigurationName = Release;
		};
		A39BD5011ADB26AD0093FA0C /* Build configuration list for PBXNativeTarget "IRCustomUserInterfaceDemo" */ = {
			isa = XCConfigurationList;
			buildConfigurations = (
				A39BD5021ADB26AD0093FA0C /* Debug */,
				A39BD5031ADB26AD0093FA0C /* Release */,
			);
			defaultConfigurationIsVisible = 0;
		};
		A39BD5041ADB26AD0093FA0C /* Build configuration list for PBXNativeTarget "IRCustomUserInterfaceDemoTests" */ = {
			isa = XCConfigurationList;
			buildConfigurations = (
				A39BD5051ADB26AD0093FA0C /* Debug */,
				A39BD5061ADB26AD0093FA0C /* Release */,
			);
			defaultConfigurationIsVisible = 0;
		};
/* End XCConfigurationList section */
	};
	rootObject = A39BD4D61ADB26AD0093FA0C /* Project object */;
}
